
Microsoft Visual Studio Solution File, Format Version 12.00
# Visual Studio Version 17
VisualStudioVersion = 17.7.34031.279
MinimumVisualStudioVersion = 10.0.40219.1
Project("{FAE04EC0-301F-11D3-BF4B-00C04F79EFBC}") = "Words2", "Words2\Words2.csproj", "{DFCB9250-FCAD-4254-A557-5AD879320ECB}"
EndProject
Global
	GlobalSection(SolutionConfigurationPlatforms) = preSolution
		Debug|Any CPU = Debug|Any CPU
		Release|Any CPU = Release|Any CPU
	EndGlobalSection
	GlobalSection(ProjectConfigurationPlatforms) = postSolution
		{DFCB9250-FCAD-4254-A557-5AD879320ECB}.Debug|Any CPU.ActiveCfg = Debug|Any CPU
		{DFCB9250-FCAD-4254-A557-5AD879320ECB}.Debug|Any CPU.Build.0 = Debug|Any CPU
		{DFCB9250-FCAD-4254-A557-5AD879320ECB}.Release|Any CPU.ActiveCfg = Release|Any CPU
		{DFCB9250-FCAD-4254-A557-5AD879320ECB}.Release|Any CPU.Build.0 = Release|Any CPU
	EndGlobalSection
	GlobalSection(SolutionProperties) = preSolution
		HideSolutionNode = FALSE
	EndGlobalSection
	GlobalSection(ExtensibilityGlobals) = postSolution
		SolutionGuid = {75983A01-F9CB-4925-94BE-B85552FB9453}
	EndGlobalSection
EndGlobal
